
Microsoft Visual Studio Solution File, Format Version 12.00
# Visual Studio Version 16
VisualStudioVersion = 16.0.29709.97
MinimumVisualStudioVersion = 10.0.40219.1
Project("{9A19103F-16F7-4668-BE54-9A1E7A4F7556}") = "ApplicationCore", "ApplicationCore\ApplicationCore.csproj", "{F7DEF383-9573-4228-AA94-FE599DA51CED}"
EndProject
Project("{9A19103F-16F7-4668-BE54-9A1E7A4F7556}") = "Infrastructure", "Infrastructure\Infrastructure.csproj", "{B15BB369-3AFC-45E5-A12E-D1AEBD7F85DF}"
EndProject
Project("{9A19103F-16F7-4668-BE54-9A1E7A4F7556}") = "Web", "Web\Web.csproj", "{66ED02F9-9652-47CC-B3C4-A4481844940F}"
EndProject
Project("{2150E333-8FDC-42A3-9474-1A3956D46DE8}") = "src", "src", "{26BF57B5-E349-48BF-B16B-7E93B850AB04}"
EndProject
Global
	GlobalSection(SolutionConfigurationPlatforms) = preSolution
		Debug|Any CPU = Debug|Any CPU
		Release|Any CPU = Release|Any CPU
	EndGlobalSection
	GlobalSection(ProjectConfigurationPlatforms) = postSolution
		{F7DEF383-9573-4228-AA94-FE599DA51CED}.Debug|Any CPU.ActiveCfg = Debug|Any CPU
		{F7DEF383-9573-4228-AA94-FE599DA51CED}.Debug|Any CPU.Build.0 = Debug|Any CPU
		{F7DEF383-9573-4228-AA94-FE599DA51CED}.Release|Any CPU.ActiveCfg = Release|Any CPU
		{F7DEF383-9573-4228-AA94-FE599DA51CED}.Release|Any CPU.Build.0 = Release|Any CPU
		{B15BB369-3AFC-45E5-A12E-D1AEBD7F85DF}.Debug|Any CPU.ActiveCfg = Debug|Any CPU
		{B15BB369-3AFC-45E5-A12E-D1AEBD7F85DF}.Debug|Any CPU.Build.0 = Debug|Any CPU
		{B15BB369-3AFC-45E5-A12E-D1AEBD7F85DF}.Release|Any CPU.ActiveCfg = Release|Any CPU
		{B15BB369-3AFC-45E5-A12E-D1AEBD7F85DF}.Release|Any CPU.Build.0 = Release|Any CPU
		{66ED02F9-9652-47CC-B3C4-A4481844940F}.Debug|Any CPU.ActiveCfg = Debug|Any CPU
		{66ED02F9-9652-47CC-B3C4-A4481844940F}.Debug|Any CPU.Build.0 = Debug|Any CPU
		{66ED02F9-9652-47CC-B3C4-A4481844940F}.Release|Any CPU.ActiveCfg = Release|Any CPU
		{66ED02F9-9652-47CC-B3C4-A4481844940F}.Release|Any CPU.Build.0 = Release|Any CPU
	EndGlobalSection
	GlobalSection(SolutionProperties) = preSolution
		HideSolutionNode = FALSE
	EndGlobalSection
	GlobalSection(NestedProjects) = preSolution
		{F7DEF383-9573-4228-AA94-FE599DA51CED} = {26BF57B5-E349-48BF-B16B-7E93B850AB04}
		{B15BB369-3AFC-45E5-A12E-D1AEBD7F85DF} = {26BF57B5-E349-48BF-B16B-7E93B850AB04}
		{66ED02F9-9652-47CC-B3C4-A4481844940F} = {26BF57B5-E349-48BF-B16B-7E93B850AB04}
	EndGlobalSection
	GlobalSection(ExtensibilityGlobals) = postSolution
		SolutionGuid = {DEAF24F4-786A-4D21-9674-A7987FDDB465}
	EndGlobalSection
EndGlobal
